
Microsoft Visual Studio Solution File, Format Version 12.00
# Visual Studio Version 16
VisualStudioVersion = 16.0.32228.343
MinimumVisualStudioVersion = 10.0.40219.1
Project("{FAE04EC0-301F-11D3-BF4B-00C04F79EFBC}") = "xPosBL", "xPosBL\xPosBL.csproj", "{E1927FF4-B5DA-4863-821F-C21C6A64074B}"
EndProject
Project("{FAE04EC0-301F-11D3-BF4B-00C04F79EFBC}") = "spravochnik", "spravochnik\spravochnik.csproj", "{ADEB25EF-B4AF-4308-B440-992EF3B123BB}"
EndProject
Project("{FAE04EC0-301F-11D3-BF4B-00C04F79EFBC}") = "xPosRealiz_Sprav test", "xPosRealiz test\xPosRealiz_Sprav test.csproj", "{28145598-F07D-441B-863B-3AE837241D21}"
EndProject
Global
	GlobalSection(SolutionConfigurationPlatforms) = preSolution
		Debug|Any CPU = Debug|Any CPU
		Release|Any CPU = Release|Any CPU
	EndGlobalSection
	GlobalSection(ProjectConfigurationPlatforms) = postSolution
		{E1927FF4-B5DA-4863-821F-C21C6A64074B}.Debug|Any CPU.ActiveCfg = Debug|Any CPU
		{E1927FF4-B5DA-4863-821F-C21C6A64074B}.Debug|Any CPU.Build.0 = Debug|Any CPU
		{E1927FF4-B5DA-4863-821F-C21C6A64074B}.Release|Any CPU.ActiveCfg = Release|Any CPU
		{E1927FF4-B5DA-4863-821F-C21C6A64074B}.Release|Any CPU.Build.0 = Release|Any CPU
		{ADEB25EF-B4AF-4308-B440-992EF3B123BB}.Debug|Any CPU.ActiveCfg = Debug|Any CPU
		{ADEB25EF-B4AF-4308-B440-992EF3B123BB}.Debug|Any CPU.Build.0 = Debug|Any CPU
		{ADEB25EF-B4AF-4308-B440-992EF3B123BB}.Release|Any CPU.ActiveCfg = Release|Any CPU
		{ADEB25EF-B4AF-4308-B440-992EF3B123BB}.Release|Any CPU.Build.0 = Release|Any CPU
		{28145598-F07D-441B-863B-3AE837241D21}.Debug|Any CPU.ActiveCfg = Debug|Any CPU
		{28145598-F07D-441B-863B-3AE837241D21}.Debug|Any CPU.Build.0 = Debug|Any CPU
		{28145598-F07D-441B-863B-3AE837241D21}.Release|Any CPU.ActiveCfg = Release|Any CPU
		{28145598-F07D-441B-863B-3AE837241D21}.Release|Any CPU.Build.0 = Release|Any CPU
	EndGlobalSection
	GlobalSection(SolutionProperties) = preSolution
		HideSolutionNode = FALSE
	EndGlobalSection
	GlobalSection(ExtensibilityGlobals) = postSolution
		SolutionGuid = {4FD2C75A-F43A-4A49-ABCC-594F77B2E914}
	EndGlobalSection
EndGlobal
